
Microsoft Visual Studio Solution File, Format Version 12.00
# Visual Studio Version 17
VisualStudioVersion = 17.13.35806.99 d17.13
MinimumVisualStudioVersion = 10.0.40219.1
Project("{54A90642-561A-4BB1-A94E-469ADEE60C69}") = "psymed", "psymed.esproj", "{943B5973-CDE6-F905-A165-A030F0AFA7E0}"
EndProject
Global
	GlobalSection(SolutionConfigurationPlatforms) = preSolution
		Debug|Any CPU = Debug|Any CPU
		Release|Any CPU = Release|Any CPU
	EndGlobalSection
	GlobalSection(ProjectConfigurationPlatforms) = postSolution
		{943B5973-CDE6-F905-A165-A030F0AFA7E0}.Debug|Any CPU.ActiveCfg = Debug|Any CPU
		{943B5973-CDE6-F905-A165-A030F0AFA7E0}.Debug|Any CPU.Build.0 = Debug|Any CPU
		{943B5973-CDE6-F905-A165-A030F0AFA7E0}.Debug|Any CPU.Deploy.0 = Debug|Any CPU
		{943B5973-CDE6-F905-A165-A030F0AFA7E0}.Release|Any CPU.ActiveCfg = Release|Any CPU
		{943B5973-CDE6-F905-A165-A030F0AFA7E0}.Release|Any CPU.Build.0 = Release|Any CPU
		{943B5973-CDE6-F905-A165-A030F0AFA7E0}.Release|Any CPU.Deploy.0 = Release|Any CPU
	EndGlobalSection
	GlobalSection(SolutionProperties) = preSolution
		HideSolutionNode = FALSE
	EndGlobalSection
	GlobalSection(ExtensibilityGlobals) = postSolution
		SolutionGuid = {2391D1E7-979B-4614-9C5F-3AADF070A91E}
	EndGlobalSection
EndGlobal
